
Microsoft Visual Studio Solution File, Format Version 12.00
# Visual Studio Version 17
VisualStudioVersion = 17.5.33530.505
MinimumVisualStudioVersion = 10.0.40219.1
Project("{2150E333-8FDC-42A3-9474-1A3956D46DE8}") = "01", "01", "{22FEF5C7-5BEC-4804-AFBC-7EC3CA109F8E}"
EndProject
Project("{9A19103F-16F7-4668-BE54-9A1E7A4F7556}") = "Q01", "Q01\Q01.csproj", "{1DFD4088-75F4-4FF8-AC77-0B906F27D471}"
EndProject
Project("{2150E333-8FDC-42A3-9474-1A3956D46DE8}") = "02", "02", "{1A03D8DA-6424-436F-9D57-1FAD99C50EBD}"
EndProject
Project("{9A19103F-16F7-4668-BE54-9A1E7A4F7556}") = "Q02", "Q02\Q02.csproj", "{FD0A8D9E-0A9C-483A-BFF1-548D89F4CE20}"
EndProject
Project("{2150E333-8FDC-42A3-9474-1A3956D46DE8}") = "03", "03", "{FF994C8A-51AF-481D-A3D3-DB1390E29E03}"
EndProject
Project("{2150E333-8FDC-42A3-9474-1A3956D46DE8}") = "05", "05", "{3448632F-D77F-42CA-8821-5DE26F24B349}"
EndProject
Project("{2150E333-8FDC-42A3-9474-1A3956D46DE8}") = "04", "04", "{8F0994CE-1DBB-4792-8B96-2534369464A6}"
EndProject
Project("{9A19103F-16F7-4668-BE54-9A1E7A4F7556}") = "Q05", "Q05\Q05.csproj", "{09F28063-D0BD-438B-8E5B-5CA77D994718}"
EndProject
Project("{FAE04EC0-301F-11D3-BF4B-00C04F79EFBC}") = "Q04", "Q04\Q04.csproj", "{5A0C09C9-05D1-428A-950D-E96C8EFB9481}"
EndProject
Project("{FAE04EC0-301F-11D3-BF4B-00C04F79EFBC}") = "Q03", "Q03\Q03.csproj", "{4463D6AC-A2D4-43AB-8026-F5C55317AEC1}"
EndProject
Global
	GlobalSection(SolutionConfigurationPlatforms) = preSolution
		Debug|Any CPU = Debug|Any CPU
		Release|Any CPU = Release|Any CPU
	EndGlobalSection
	GlobalSection(ProjectConfigurationPlatforms) = postSolution
		{1DFD4088-75F4-4FF8-AC77-0B906F27D471}.Debug|Any CPU.ActiveCfg = Debug|Any CPU
		{1DFD4088-75F4-4FF8-AC77-0B906F27D471}.Debug|Any CPU.Build.0 = Debug|Any CPU
		{1DFD4088-75F4-4FF8-AC77-0B906F27D471}.Release|Any CPU.ActiveCfg = Release|Any CPU
		{1DFD4088-75F4-4FF8-AC77-0B906F27D471}.Release|Any CPU.Build.0 = Release|Any CPU
		{FD0A8D9E-0A9C-483A-BFF1-548D89F4CE20}.Debug|Any CPU.ActiveCfg = Debug|Any CPU
		{FD0A8D9E-0A9C-483A-BFF1-548D89F4CE20}.Debug|Any CPU.Build.0 = Debug|Any CPU
		{FD0A8D9E-0A9C-483A-BFF1-548D89F4CE20}.Release|Any CPU.ActiveCfg = Release|Any CPU
		{FD0A8D9E-0A9C-483A-BFF1-548D89F4CE20}.Release|Any CPU.Build.0 = Release|Any CPU
		{09F28063-D0BD-438B-8E5B-5CA77D994718}.Debug|Any CPU.ActiveCfg = Debug|Any CPU
		{09F28063-D0BD-438B-8E5B-5CA77D994718}.Debug|Any CPU.Build.0 = Debug|Any CPU
		{09F28063-D0BD-438B-8E5B-5CA77D994718}.Release|Any CPU.ActiveCfg = Release|Any CPU
		{09F28063-D0BD-438B-8E5B-5CA77D994718}.Release|Any CPU.Build.0 = Release|Any CPU
		{5A0C09C9-05D1-428A-950D-E96C8EFB9481}.Debug|Any CPU.ActiveCfg = Debug|Any CPU
		{5A0C09C9-05D1-428A-950D-E96C8EFB9481}.Debug|Any CPU.Build.0 = Debug|Any CPU
		{5A0C09C9-05D1-428A-950D-E96C8EFB9481}.Release|Any CPU.ActiveCfg = Release|Any CPU
		{5A0C09C9-05D1-428A-950D-E96C8EFB9481}.Release|Any CPU.Build.0 = Release|Any CPU
		{4463D6AC-A2D4-43AB-8026-F5C55317AEC1}.Debug|Any CPU.ActiveCfg = Debug|Any CPU
		{4463D6AC-A2D4-43AB-8026-F5C55317AEC1}.Debug|Any CPU.Build.0 = Debug|Any CPU
		{4463D6AC-A2D4-43AB-8026-F5C55317AEC1}.Release|Any CPU.ActiveCfg = Release|Any CPU
		{4463D6AC-A2D4-43AB-8026-F5C55317AEC1}.Release|Any CPU.Build.0 = Release|Any CPU
	EndGlobalSection
	GlobalSection(SolutionProperties) = preSolution
		HideSolutionNode = FALSE
	EndGlobalSection
	GlobalSection(NestedProjects) = preSolution
		{1DFD4088-75F4-4FF8-AC77-0B906F27D471} = {22FEF5C7-5BEC-4804-AFBC-7EC3CA109F8E}
		{FD0A8D9E-0A9C-483A-BFF1-548D89F4CE20} = {1A03D8DA-6424-436F-9D57-1FAD99C50EBD}
		{09F28063-D0BD-438B-8E5B-5CA77D994718} = {3448632F-D77F-42CA-8821-5DE26F24B349}
		{5A0C09C9-05D1-428A-950D-E96C8EFB9481} = {8F0994CE-1DBB-4792-8B96-2534369464A6}
		{4463D6AC-A2D4-43AB-8026-F5C55317AEC1} = {FF994C8A-51AF-481D-A3D3-DB1390E29E03}
	EndGlobalSection
	GlobalSection(ExtensibilityGlobals) = postSolution
		SolutionGuid = {574865F4-037F-43DF-BF8B-3E5E7C2C0801}
	EndGlobalSection
EndGlobal
